
Microsoft Visual Studio Solution File, Format Version 12.00
# Visual Studio Version 17
VisualStudioVersion = 17.6.33829.357
MinimumVisualStudioVersion = 10.0.40219.1
Project("{FAE04EC0-301F-11D3-BF4B-00C04F79EFBC}") = "Hangfire Demo", "Hangfire Demo\Hangfire Demo.csproj", "{C25FBC0C-B08A-425F-8371-46F17E5FDD53}"
EndProject
Project("{2150E333-8FDC-42A3-9474-1A3956D46DE8}") = "Solution Items", "Solution Items", "{971278FD-8D68-4D08-BDA2-EAF3945DDD07}"
EndProject
Global
	GlobalSection(SolutionConfigurationPlatforms) = preSolution
		Debug|Any CPU = Debug|Any CPU
		Release|Any CPU = Release|Any CPU
	EndGlobalSection
	GlobalSection(ProjectConfigurationPlatforms) = postSolution
		{C25FBC0C-B08A-425F-8371-46F17E5FDD53}.Debug|Any CPU.ActiveCfg = Debug|Any CPU
		{C25FBC0C-B08A-425F-8371-46F17E5FDD53}.Debug|Any CPU.Build.0 = Debug|Any CPU
		{C25FBC0C-B08A-425F-8371-46F17E5FDD53}.Release|Any CPU.ActiveCfg = Release|Any CPU
		{C25FBC0C-B08A-425F-8371-46F17E5FDD53}.Release|Any CPU.Build.0 = Release|Any CPU
	EndGlobalSection
	GlobalSection(SolutionProperties) = preSolution
		HideSolutionNode = FALSE
	EndGlobalSection
	GlobalSection(ExtensibilityGlobals) = postSolution
		SolutionGuid = {A8902E87-4725-4989-9F6E-2E416B1C9D76}
	EndGlobalSection
EndGlobal
